{
  "version": 4,
  "terraform_version": "1.3.7",
  "serial": 276,
  "lineage": "d4b5580c-c1f2-8626-85a8-7ceb5420f864",
  "outputs": {},
  "resources": [
    {
      "mode": "data",
      "type": "aws_iam_policy_document",
      "name": "assume_role",
      "provider": "provider[\"registry.terraform.io/hashicorp/aws\"]",
      "instances": [
        {
          "schema_version": 0,
          "attributes": {
            "id": "2245101310",
            "json": "{\n  \"Version\": \"2012-10-17\",\n  \"Statement\": [\n    {\n      \"Effect\": \"Allow\",\n      \"Action\": \"sts:AssumeRole\",\n      \"Principal\": {\n        \"Service\": \"codepipeline.amazonaws.com\"\n      }\n    }\n  ]\n}",
            "override_policy_documents": null,
            "policy_id": null,
            "source_policy_documents": null,
            "statement": [
              {
                "actions": [
                  "sts:AssumeRole"
                ],
                "condition": [],
                "effect": "Allow",
                "not_actions": [],
                "not_principals": [],
                "not_resources": [],
                "principals": [
                  {
                    "identifiers": [
                      "codepipeline.amazonaws.com"
                    ],
                    "type": "Service"
                  }
                ],
                "resources": [],
                "sid": ""
              }
            ],
            "version": "2012-10-17"
          },
          "sensitive_attributes": []
        }
      ]
    },
    {
      "mode": "data",
      "type": "aws_iam_policy_document",
      "name": "codepipeline_policy",
      "provider": "provider[\"registry.terraform.io/hashicorp/aws\"]",
      "instances": [
        {
          "schema_version": 0,
          "attributes": {
            "id": "1816414542",
            "json": "{\n  \"Version\": \"2012-10-17\",\n  \"Statement\": [\n    {\n      \"Effect\": \"Allow\",\n      \"Action\": [\n        \"s3:PutObjectAcl\",\n        \"s3:PutObject\",\n        \"s3:GetObjectVersion\",\n        \"s3:GetObject\",\n        \"s3:GetBucketVersioning\",\n        \"s3:CreateBucket\"\n      ],\n      \"Resource\": [\n        \"arn:aws:s3:::ssoteknocodepipelinenew/*\",\n        \"arn:aws:s3:::ssoteknocodepipelinenew\"\n      ]\n    },\n    {\n      \"Effect\": \"Allow\",\n      \"Action\": \"codestar-connections:UseConnection\",\n      \"Resource\": \"arn:aws:codestar-connections:ap-south-1:597779799530:connection/90f41e2e-e8c2-4c2d-a1aa-b623e6b5a8a0\"\n    },\n    {\n      \"Effect\": \"Allow\",\n      \"Action\": [\n        \"codebuild:StartBuild\",\n        \"codebuild:BatchGetProjects\",\n        \"codebuild:BatchGetBuilds\"\n      ],\n      \"Resource\": \"*\"\n    }\n  ]\n}",
            "override_policy_documents": null,
            "policy_id": null,
            "source_policy_documents": null,
            "statement": [
              {
                "actions": [
                  "s3:CreateBucket",
                  "s3:GetBucketVersioning",
                  "s3:GetObject",
                  "s3:GetObjectVersion",
                  "s3:PutObject",
                  "s3:PutObjectAcl"
                ],
                "condition": [],
                "effect": "Allow",
                "not_actions": [],
                "not_principals": [],
                "not_resources": [],
                "principals": [],
                "resources": [
                  "arn:aws:s3:::ssoteknocodepipelinenew",
                  "arn:aws:s3:::ssoteknocodepipelinenew/*"
                ],
                "sid": ""
              },
              {
                "actions": [
                  "codestar-connections:UseConnection"
                ],
                "condition": [],
                "effect": "Allow",
                "not_actions": [],
                "not_principals": [],
                "not_resources": [],
                "principals": [],
                "resources": [
                  "arn:aws:codestar-connections:ap-south-1:597779799530:connection/90f41e2e-e8c2-4c2d-a1aa-b623e6b5a8a0"
                ],
                "sid": ""
              },
              {
                "actions": [
                  "codebuild:BatchGetBuilds",
                  "codebuild:BatchGetProjects",
                  "codebuild:StartBuild"
                ],
                "condition": [],
                "effect": "Allow",
                "not_actions": [],
                "not_principals": [],
                "not_resources": [],
                "principals": [],
                "resources": [
                  "*"
                ],
                "sid": ""
              }
            ],
            "version": "2012-10-17"
          },
          "sensitive_attributes": []
        }
      ]
    },
    {
      "mode": "managed",
      "type": "aws_codebuild_project",
      "name": "dev-sso-codebuild",
      "provider": "provider[\"registry.terraform.io/hashicorp/aws\"]",
      "instances": [
        {
          "schema_version": 0,
          "attributes": {
            "arn": "arn:aws:codebuild:ap-south-1:597779799530:project/dev-sso-codebuild",
            "artifacts": [
              {
                "artifact_identifier": "",
                "bucket_owner_access": "",
                "encryption_disabled": false,
                "location": "ssoteknocodepipelinenew",
                "name": "dev-sso-codebuild",
                "namespace_type": "NONE",
                "override_artifact_name": false,
                "packaging": "NONE",
                "path": "",
                "type": "S3"
              }
            ],
            "badge_enabled": false,
            "badge_url": "",
            "build_batch_config": [],
            "build_timeout": 60,
            "cache": [
              {
                "location": "",
                "modes": [],
                "type": "NO_CACHE"
              }
            ],
            "concurrent_build_limit": 0,
            "description": "",
            "encryption_key": "arn:aws:kms:ap-south-1:597779799530:alias/aws/s3",
            "environment": [
              {
                "certificate": "",
                "compute_type": "BUILD_GENERAL1_MEDIUM",
                "environment_variable": [
                  {
                    "name": "GITHUB_PERSONAL_ACCESS_TOKEN",
                    "type": "PLAINTEXT",
                    "value": "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"
                  },
                  {
                    "name": "ENVIRONMENT",
                    "type": "PLAINTEXT",
                    "value": "Development"
                  }
                ],
                "image": "aws/codebuild/standard:5.0",
                "image_pull_credentials_type": "CODEBUILD",
                "privileged_mode": true,
                "registry_credential": [],
                "type": "LINUX_CONTAINER"
              }
            ],
            "file_system_locations": [],
            "id": "arn:aws:codebuild:ap-south-1:597779799530:project/dev-sso-codebuild",
            "logs_config": [
              {
                "cloudwatch_logs": [
                  {
                    "group_name": "",
                    "status": "ENABLED",
                    "stream_name": ""
                  }
                ],
                "s3_logs": [
                  {
                    "bucket_owner_access": "",
                    "encryption_disabled": false,
                    "location": "",
                    "status": "DISABLED"
                  }
                ]
              }
            ],
            "name": "dev-sso-codebuild",
            "project_visibility": "PRIVATE",
            "public_project_alias": "",
            "queued_timeout": 480,
            "resource_access_role": "",
            "secondary_artifacts": [],
            "secondary_source_version": [],
            "secondary_sources": [],
            "service_role": "arn:aws:iam::597779799530:role/codebuild_role",
            "source": [
              {
                "build_status_config": [],
                "buildspec": "bildspec-apply.yml",
                "git_clone_depth": 1,
                "git_submodules_config": [],
                "insecure_ssl": false,
                "location": "https://github.com/gudduray90/jenkinesproject2/blob/master/bildspec-apply.yml",
                "report_build_status": false,
                "type": "GITHUB"
              }
            ],
            "source_version": "",
            "tags": {},
            "tags_all": {},
            "vpc_config": []
          },
          "sensitive_attributes": [],
          "private": "bnVsbA==",
          "dependencies": [
            "aws_iam_role.codebuild_role",
            "aws_s3_bucket.codepipeline_bucket"
          ]
        }
      ]
    },
    {
      "mode": "managed",
      "type": "aws_codepipeline",
      "name": "codepipeline",
      "provider": "provider[\"registry.terraform.io/hashicorp/aws\"]",
      "instances": [
        {
          "schema_version": 0,
          "attributes": {
            "arn": "arn:aws:codepipeline:ap-south-1:597779799530:Terraform-Codepipeline",
            "artifact_store": [
              {
                "encryption_key": [],
                "location": "ssoteknocodepipelinenew",
                "region": "",
                "type": "S3"
              }
            ],
            "id": "Terraform-Codepipeline",
            "name": "Terraform-Codepipeline",
            "role_arn": "arn:aws:iam::597779799530:role/test-role",
            "stage": [
              {
                "action": [
                  {
                    "category": "Source",
                    "configuration": {
                      "BranchName": "master",
                      "ConnectionArn": "arn:aws:codestar-connections:ap-south-1:597779799530:connection/90f41e2e-e8c2-4c2d-a1aa-b623e6b5a8a0",
                      "FullRepositoryId": "gudduray90/javaprogram"
                    },
                    "input_artifacts": [],
                    "name": "Source",
                    "namespace": "",
                    "output_artifacts": [
                      "source_output"
                    ],
                    "owner": "AWS",
                    "provider": "CodeStarSourceConnection",
                    "region": "",
                    "role_arn": "",
                    "run_order": 1,
                    "version": "1"
                  }
                ],
                "name": "Source"
              },
              {
                "action": [
                  {
                    "category": "Approval",
                    "configuration": {
                      "CustomData": "Please verify the terraform plan output on the Plan stage and only approve this step if you see expected changes!"
                    },
                    "input_artifacts": [],
                    "name": "AWS-Admin-Approval",
                    "namespace": "",
                    "output_artifacts": [],
                    "owner": "AWS",
                    "provider": "Manual",
                    "region": "",
                    "role_arn": "",
                    "run_order": 1,
                    "version": "1"
                  }
                ],
                "name": "Manual-Approval"
              },
              {
                "action": [
                  {
                    "category": "Build",
                    "configuration": {
                      "ProjectName": "dev-sso-codebuild"
                    },
                    "input_artifacts": [
                      "source_output"
                    ],
                    "name": "Build",
                    "namespace": "",
                    "output_artifacts": [
                      "build_output"
                    ],
                    "owner": "AWS",
                    "provider": "CodeBuild",
                    "region": "",
                    "role_arn": "",
                    "run_order": 1,
                    "version": "1"
                  }
                ],
                "name": "Build"
              }
            ],
            "tags": {},
            "tags_all": {}
          },
          "sensitive_attributes": [],
          "private": "bnVsbA==",
          "dependencies": [
            "aws_iam_role.codepipeline-role",
            "aws_s3_bucket.codepipeline_bucket",
            "data.aws_iam_policy_document.assume_role"
          ]
        }
      ]
    },
    {
      "mode": "managed",
      "type": "aws_iam_role",
      "name": "codebuild_role",
      "provider": "provider[\"registry.terraform.io/hashicorp/aws\"]",
      "instances": [
        {
          "schema_version": 0,
          "attributes": {
            "arn": "arn:aws:iam::597779799530:role/codebuild_role",
            "assume_role_policy": "{\"Statement\":[{\"Action\":\"sts:AssumeRole\",\"Effect\":\"Allow\",\"Principal\":{\"Service\":\"codebuild.amazonaws.com\"}}],\"Version\":\"2012-10-17\"}",
            "create_date": "2023-07-18T08:56:38Z",
            "description": "",
            "force_detach_policies": false,
            "id": "codebuild_role",
            "inline_policy": [],
            "managed_policy_arns": [
              "arn:aws:iam::aws:policy/AmazonS3FullAccess"
            ],
            "max_session_duration": 3600,
            "name": "codebuild_role",
            "name_prefix": "",
            "path": "/",
            "permissions_boundary": null,
            "tags": {},
            "tags_all": {},
            "unique_id": "AROAYWLTT3XVAVNSVUCAB"
          },
          "sensitive_attributes": [],
          "private": "bnVsbA=="
        }
      ]
    },
    {
      "mode": "managed",
      "type": "aws_iam_role",
      "name": "codepipeline-role",
      "provider": "provider[\"registry.terraform.io/hashicorp/aws\"]",
      "instances": [
        {
          "schema_version": 0,
          "attributes": {
            "arn": "arn:aws:iam::597779799530:role/test-role",
            "assume_role_policy": "{\"Statement\":[{\"Action\":\"sts:AssumeRole\",\"Effect\":\"Allow\",\"Principal\":{\"Service\":\"codepipeline.amazonaws.com\"}}],\"Version\":\"2012-10-17\"}",
            "create_date": "2023-07-18T08:56:38Z",
            "description": "",
            "force_detach_policies": false,
            "id": "test-role",
            "inline_policy": [
              {
                "name": "codepipeline_policy",
                "policy": "{\"Version\":\"2012-10-17\",\"Statement\":[{\"Action\":[\"s3:PutObjectAcl\",\"s3:PutObject\",\"s3:GetObjectVersion\",\"s3:GetObject\",\"s3:GetBucketVersioning\",\"s3:CreateBucket\"],\"Effect\":\"Allow\",\"Resource\":[\"arn:aws:s3:::ssoteknocodepipelinenew/*\",\"arn:aws:s3:::ssoteknocodepipelinenew\"]},{\"Action\":\"codestar-connections:UseConnection\",\"Effect\":\"Allow\",\"Resource\":\"arn:aws:codestar-connections:ap-south-1:597779799530:connection/90f41e2e-e8c2-4c2d-a1aa-b623e6b5a8a0\"},{\"Action\":[\"codebuild:StartBuild\",\"codebuild:BatchGetProjects\",\"codebuild:BatchGetBuilds\"],\"Effect\":\"Allow\",\"Resource\":\"*\"}]}"
              }
            ],
            "managed_policy_arns": [],
            "max_session_duration": 3600,
            "name": "test-role",
            "name_prefix": "",
            "path": "/",
            "permissions_boundary": null,
            "tags": {},
            "tags_all": {},
            "unique_id": "AROAYWLTT3XVMZC6WQBUE"
          },
          "sensitive_attributes": [],
          "private": "bnVsbA==",
          "dependencies": [
            "data.aws_iam_policy_document.assume_role"
          ]
        }
      ]
    },
    {
      "mode": "managed",
      "type": "aws_iam_role_policy",
      "name": "codepipeline_policy",
      "provider": "provider[\"registry.terraform.io/hashicorp/aws\"]",
      "instances": [
        {
          "schema_version": 0,
          "attributes": {
            "id": "test-role:codepipeline_policy",
            "name": "codepipeline_policy",
            "name_prefix": null,
            "policy": "{\"Version\":\"2012-10-17\",\"Statement\":[{\"Action\":[\"s3:PutObjectAcl\",\"s3:PutObject\",\"s3:GetObjectVersion\",\"s3:GetObject\",\"s3:GetBucketVersioning\",\"s3:CreateBucket\"],\"Effect\":\"Allow\",\"Resource\":[\"arn:aws:s3:::ssoteknocodepipelinenew/*\",\"arn:aws:s3:::ssoteknocodepipelinenew\"]},{\"Action\":\"codestar-connections:UseConnection\",\"Effect\":\"Allow\",\"Resource\":\"arn:aws:codestar-connections:ap-south-1:597779799530:connection/90f41e2e-e8c2-4c2d-a1aa-b623e6b5a8a0\"},{\"Action\":[\"codebuild:StartBuild\",\"codebuild:BatchGetProjects\",\"codebuild:BatchGetBuilds\"],\"Effect\":\"Allow\",\"Resource\":\"*\"}]}",
            "role": "test-role"
          },
          "sensitive_attributes": [],
          "private": "bnVsbA==",
          "dependencies": [
            "aws_iam_role.codepipeline-role",
            "aws_s3_bucket.codepipeline_bucket",
            "data.aws_iam_policy_document.assume_role",
            "data.aws_iam_policy_document.codepipeline_policy"
          ]
        }
      ]
    },
    {
      "mode": "managed",
      "type": "aws_iam_role_policy_attachment",
      "name": "attache_policy_with_codebuild_role",
      "provider": "provider[\"registry.terraform.io/hashicorp/aws\"]",
      "instances": [
        {
          "schema_version": 0,
          "attributes": {
            "id": "codebuild_role-20230718085640264300000001",
            "policy_arn": "arn:aws:iam::aws:policy/AmazonS3FullAccess",
            "role": "codebuild_role"
          },
          "sensitive_attributes": [],
          "private": "bnVsbA==",
          "dependencies": [
            "aws_iam_role.codebuild_role"
          ]
        }
      ]
    },
    {
      "mode": "managed",
      "type": "aws_s3_bucket",
      "name": "codepipeline_bucket",
      "provider": "provider[\"registry.terraform.io/hashicorp/aws\"]",
      "instances": [
        {
          "schema_version": 0,
          "attributes": {
            "acceleration_status": "",
            "acl": null,
            "arn": "arn:aws:s3:::ssoteknocodepipelinenew",
            "bucket": "ssoteknocodepipelinenew",
            "bucket_domain_name": "ssoteknocodepipelinenew.s3.amazonaws.com",
            "bucket_prefix": "",
            "bucket_regional_domain_name": "ssoteknocodepipelinenew.s3.ap-south-1.amazonaws.com",
            "cors_rule": [],
            "force_destroy": false,
            "grant": [
              {
                "id": "9a1758eede397bbbabe3d2b077c5a4cc9d3b838f2ec697b0133ec98312e53b95",
                "permissions": [
                  "FULL_CONTROL"
                ],
                "type": "CanonicalUser",
                "uri": ""
              }
            ],
            "hosted_zone_id": "Z11RGJOFQNVJUP",
            "id": "ssoteknocodepipelinenew",
            "lifecycle_rule": [],
            "logging": [],
            "object_lock_configuration": [],
            "object_lock_enabled": false,
            "policy": "",
            "region": "ap-south-1",
            "replication_configuration": [],
            "request_payer": "BucketOwner",
            "server_side_encryption_configuration": [
              {
                "rule": [
                  {
                    "apply_server_side_encryption_by_default": [
                      {
                        "kms_master_key_id": "",
                        "sse_algorithm": "AES256"
                      }
                    ],
                    "bucket_key_enabled": false
                  }
                ]
              }
            ],
            "tags": {},
            "tags_all": {},
            "timeouts": null,
            "versioning": [
              {
                "enabled": false,
                "mfa_delete": false
              }
            ],
            "website": [],
            "website_domain": null,
            "website_endpoint": null
          },
          "sensitive_attributes": [],
          "private": "eyJlMmJmYjczMC1lY2FhLTExZTYtOGY4OC0zNDM2M2JjN2M0YzAiOnsiY3JlYXRlIjoxMjAwMDAwMDAwMDAwLCJkZWxldGUiOjM2MDAwMDAwMDAwMDAsInJlYWQiOjEyMDAwMDAwMDAwMDAsInVwZGF0ZSI6MTIwMDAwMDAwMDAwMH19"
        }
      ]
    }
  ],
  "check_results": null
}
