{
  "version": 4,
  "terraform_version": "1.3.7",
  "serial": 26,
  "lineage": "f6b0711b-45d3-3b8d-0bea-d76ee1a3dc95",
  "outputs": {},
  "resources": [
    {
      "mode": "managed",
      "type": "github_repository",
      "name": "git_fisrt_repo",
      "provider": "provider[\"registry.terraform.io/hashicorp/github\"]",
      "instances": [
        {
          "schema_version": 1,
          "attributes": {
            "allow_auto_merge": false,
            "allow_merge_commit": true,
            "allow_rebase_merge": true,
            "allow_squash_merge": true,
            "allow_update_branch": false,
            "archive_on_destroy": null,
            "archived": false,
            "auto_init": true,
            "default_branch": "main",
            "delete_branch_on_merge": false,
            "description": "Repo created by Guddu",
            "etag": "W/\"680e285ca146420d2ad366ad576ba8e6e0c1ac4e59c148b4d90eb9ccf798fba5\"",
            "full_name": "umbrellainfo/first_test_repo",
            "git_clone_url": "git://github.com/umbrellainfo/first_test_repo.git",
            "gitignore_template": null,
            "has_discussions": false,
            "has_downloads": false,
            "has_issues": false,
            "has_projects": false,
            "has_wiki": false,
            "homepage_url": "",
            "html_url": "https://github.com/umbrellainfo/first_test_repo",
            "http_clone_url": "https://github.com/umbrellainfo/first_test_repo.git",
            "id": "first_test_repo",
            "ignore_vulnerability_alerts_during_read": null,
            "is_template": false,
            "license_template": null,
            "merge_commit_message": "PR_TITLE",
            "merge_commit_title": "MERGE_MESSAGE",
            "name": "first_test_repo",
            "node_id": "R_kgDOIyPz6g",
            "pages": [
              {
                "cname": "",
                "custom_404": false,
                "html_url": "https://umbrellainfo.github.io/first_test_repo/",
                "source": [
                  {
                    "branch": "main",
                    "path": "/"
                  }
                ],
                "status": "building",
                "url": "https://api.github.com/repos/umbrellainfo/first_test_repo/pages"
              }
            ],
            "private": false,
            "repo_id": 589558762,
            "security_and_analysis": [
              {
                "advanced_security": [
                  {
                    "status": ""
                  }
                ],
                "secret_scanning": [
                  {
                    "status": "disabled"
                  }
                ],
                "secret_scanning_push_protection": [
                  {
                    "status": "disabled"
                  }
                ]
              }
            ],
            "squash_merge_commit_message": "COMMIT_MESSAGES",
            "squash_merge_commit_title": "COMMIT_OR_PR_TITLE",
            "ssh_clone_url": "git@github.com:umbrellainfo/first_test_repo.git",
            "svn_url": "https://github.com/umbrellainfo/first_test_repo",
            "template": [],
            "topics": null,
            "visibility": "public",
            "vulnerability_alerts": false
          },
          "sensitive_attributes": [],
          "private": "eyJzY2hlbWFfdmVyc2lvbiI6IjEifQ=="
        }
      ]
    },
    {
      "mode": "managed",
      "type": "github_repository",
      "name": "git_second_repo",
      "provider": "provider[\"registry.terraform.io/hashicorp/github\"]",
      "instances": [
        {
          "schema_version": 1,
          "attributes": {
            "allow_auto_merge": false,
            "allow_merge_commit": true,
            "allow_rebase_merge": true,
            "allow_squash_merge": true,
            "allow_update_branch": false,
            "archive_on_destroy": null,
            "archived": false,
            "auto_init": true,
            "default_branch": "main",
            "delete_branch_on_merge": false,
            "description": "Repo created by Guddu",
            "etag": "W/\"5762ff11d53e38c0cb82a98dfff60e6bc574eee9bb642bf34c184d1896c1c513\"",
            "full_name": "umbrellainfo/second_test_repo",
            "git_clone_url": "git://github.com/umbrellainfo/second_test_repo.git",
            "gitignore_template": null,
            "has_discussions": false,
            "has_downloads": false,
            "has_issues": false,
            "has_projects": false,
            "has_wiki": false,
            "homepage_url": "",
            "html_url": "https://github.com/umbrellainfo/second_test_repo",
            "http_clone_url": "https://github.com/umbrellainfo/second_test_repo.git",
            "id": "second_test_repo",
            "ignore_vulnerability_alerts_during_read": null,
            "is_template": false,
            "license_template": null,
            "merge_commit_message": "PR_TITLE",
            "merge_commit_title": "MERGE_MESSAGE",
            "name": "second_test_repo",
            "node_id": "R_kgDOIyPz1w",
            "pages": [
              {
                "cname": "",
                "custom_404": false,
                "html_url": "https://umbrellainfo.github.io/second_test_repo/",
                "source": [
                  {
                    "branch": "main",
                    "path": "/"
                  }
                ],
                "status": "building",
                "url": "https://api.github.com/repos/umbrellainfo/second_test_repo/pages"
              }
            ],
            "private": false,
            "repo_id": 589558743,
            "security_and_analysis": [
              {
                "advanced_security": [
                  {
                    "status": ""
                  }
                ],
                "secret_scanning": [
                  {
                    "status": "disabled"
                  }
                ],
                "secret_scanning_push_protection": [
                  {
                    "status": "disabled"
                  }
                ]
              }
            ],
            "squash_merge_commit_message": "COMMIT_MESSAGES",
            "squash_merge_commit_title": "COMMIT_OR_PR_TITLE",
            "ssh_clone_url": "git@github.com:umbrellainfo/second_test_repo.git",
            "svn_url": "https://github.com/umbrellainfo/second_test_repo",
            "template": [],
            "topics": null,
            "visibility": "public",
            "vulnerability_alerts": false
          },
          "sensitive_attributes": [],
          "private": "eyJzY2hlbWFfdmVyc2lvbiI6IjEifQ=="
        }
      ]
    }
  ],
  "check_results": null
}
